// !$*UTF8*$!
{
	archiveVersion = 1;
	classes = {
	};
	objectVersion = 56;
	objects = {

/* Begin PBXBuildFile section */
		5D1080CB29B67F61005ED7FF /* SymbolComponents.txt in Resources */ = {isa = PBXBuildFile; fileRef = 5D1080CA29B67F61005ED7FF /* SymbolComponents.txt */; };
		5D1080CD29B681C5005ED7FF /* AutocompleteView.swift in Sources */ = {isa = PBXBuildFile; fileRef = 5D1080CC29B681C5005ED7FF /* AutocompleteView.swift */; };
		5D1080CF29B68D69005ED7FF /* Difficulty.swift in Sources */ = {isa = PBXBuildFile; fileRef = 5D1080CE29B68D69005ED7FF /* Difficulty.swift */; };
		5D41529729BC0572008CD441 /* SingleplayerGame.swift in Sources */ = {isa = PBXBuildFile; fileRef = 5D41529629BC0572008CD441 /* SingleplayerGame.swift */; };
		5D41529929BC0D87008CD441 /* TimeLimit.swift in Sources */ = {isa = PBXBuildFile; fileRef = 5D41529829BC0D87008CD441 /* TimeLimit.swift */; };
		5D41529E29BCFCA2008CD441 /* HighScore.swift in Sources */ = {isa = PBXBuildFile; fileRef = 5D41529D29BCFCA2008CD441 /* HighScore.swift */; };
		5D4152A029BD04AE008CD441 /* LeaderboardView.swift in Sources */ = {isa = PBXBuildFile; fileRef = 5D41529F29BD04AE008CD441 /* LeaderboardView.swift */; };
		5D41531129C0A7D1008CD441 /* GuessTheSFSymbolTests.swift in Sources */ = {isa = PBXBuildFile; fileRef = 5D41531029C0A7D1008CD441 /* GuessTheSFSymbolTests.swift */; };
		5D41531829C0A7F6008CD441 /* PlayerTests.swift in Sources */ = {isa = PBXBuildFile; fileRef = 5D41531729C0A7F6008CD441 /* PlayerTests.swift */; };
		5D41531B29C0AB61008CD441 /* SymbolsTests.swift in Sources */ = {isa = PBXBuildFile; fileRef = 5D41531A29C0AB61008CD441 /* SymbolsTests.swift */; };
		5D41531D29C0AF6F008CD441 /* DifficultyTests.swift in Sources */ = {isa = PBXBuildFile; fileRef = 5D41531C29C0AF6F008CD441 /* DifficultyTests.swift */; };
		5D41531F29C0B2F7008CD441 /* TimeLimitTests.swift in Sources */ = {isa = PBXBuildFile; fileRef = 5D41531E29C0B2F7008CD441 /* TimeLimitTests.swift */; };
		5D41532229C0B4E1008CD441 /* SingleplayerGameTests.swift in Sources */ = {isa = PBXBuildFile; fileRef = 5D41532129C0B4E1008CD441 /* SingleplayerGameTests.swift */; };
		5D41532429C0C176008CD441 /* MultiplayerGameTests.swift in Sources */ = {isa = PBXBuildFile; fileRef = 5D41532329C0C176008CD441 /* MultiplayerGameTests.swift */; };
		5D41532629C0DFC8008CD441 /* SingleplayerGame+Leaderboardable.swift in Sources */ = {isa = PBXBuildFile; fileRef = 5D41532529C0DFC8008CD441 /* SingleplayerGame+Leaderboardable.swift */; };
		5D8EA8E729A7EC2900A4EDAC /* SingleplayerView.swift in Sources */ = {isa = PBXBuildFile; fileRef = 5D8EA8E629A7EC2900A4EDAC /* SingleplayerView.swift */; };
		5D8EA8E929A7F10600A4EDAC /* SymbolToGuessView.swift in Sources */ = {isa = PBXBuildFile; fileRef = 5D8EA8E829A7F10600A4EDAC /* SymbolToGuessView.swift */; };
		5DE7767029A69BB70024B8E8 /* GuessTheSFSymbolApp.swift in Sources */ = {isa = PBXBuildFile; fileRef = 5DE7766F29A69BB70024B8E8 /* GuessTheSFSymbolApp.swift */; };
		5DE7767229A69BB70024B8E8 /* ContentView.swift in Sources */ = {isa = PBXBuildFile; fileRef = 5DE7767129A69BB70024B8E8 /* ContentView.swift */; };
		5DE7767429A69BB80024B8E8 /* Assets.xcassets in Resources */ = {isa = PBXBuildFile; fileRef = 5DE7767329A69BB80024B8E8 /* Assets.xcassets */; };
		5DE7767729A69BB80024B8E8 /* Preview Assets.xcassets in Resources */ = {isa = PBXBuildFile; fileRef = 5DE7767629A69BB80024B8E8 /* Preview Assets.xcassets */; };
		5DE7767E29A69BE10024B8E8 /* MultiplayerView.swift in Sources */ = {isa = PBXBuildFile; fileRef = 5DE7767D29A69BE10024B8E8 /* MultiplayerView.swift */; };
		5DE7768129A69BFA0024B8E8 /* MultiplayerGame.swift in Sources */ = {isa = PBXBuildFile; fileRef = 5DE7768029A69BFA0024B8E8 /* MultiplayerGame.swift */; };
		5DE7768429A69C170024B8E8 /* MultiplayerGame+GKLocalPlayerListener.swift in Sources */ = {isa = PBXBuildFile; fileRef = 5DE7768329A69C170024B8E8 /* MultiplayerGame+GKLocalPlayerListener.swift */; };
		5DE7768629A69C230024B8E8 /* MultiplayerGame+GKMatchmakerViewControllerDelegate.swift in Sources */ = {isa = PBXBuildFile; fileRef = 5DE7768529A69C230024B8E8 /* MultiplayerGame+GKMatchmakerViewControllerDelegate.swift */; };
		5DE7768829A69C4E0024B8E8 /* Player.swift in Sources */ = {isa = PBXBuildFile; fileRef = 5DE7768729A69C4E0024B8E8 /* Player.swift */; };
		5DE7768B29A69C660024B8E8 /* Guess.swift in Sources */ = {isa = PBXBuildFile; fileRef = 5DE7768A29A69C660024B8E8 /* Guess.swift */; };
		5DE7768D29A69C6F0024B8E8 /* Symbols.swift in Sources */ = {isa = PBXBuildFile; fileRef = 5DE7768C29A69C6F0024B8E8 /* Symbols.swift */; };
		5DE7768F29A69C890024B8E8 /* SFSymbols.txt in Resources */ = {isa = PBXBuildFile; fileRef = 5DE7768E29A69C890024B8E8 /* SFSymbols.txt */; };
		5DE7769129A6B4440024B8E8 /* SimpleSymbols.txt in Resources */ = {isa = PBXBuildFile; fileRef = 5DE7769029A6B4440024B8E8 /* SimpleSymbols.txt */; };
/* End PBXBuildFile section */

/* Begin PBXContainerItemProxy section */
		5D41531229C0A7D1008CD441 /* PBXContainerItemProxy */ = {
			isa = PBXContainerItemProxy;
			containerPortal = 5DE7766429A69BB70024B8E8 /* Project object */;
			proxyType = 1;
			remoteGlobalIDString = 5DE7766B29A69BB70024B8E8;
			remoteInfo = GuessTheSFSymbol;
		};
/* End PBXContainerItemProxy section */

/* Begin PBXFileReference section */
		5D1080CA29B67F61005ED7FF /* SymbolComponents.txt */ = {isa = PBXFileReference; lastKnownFileType = text; path = SymbolComponents.txt; sourceTree = "<group>"; };
		5D1080CC29B681C5005ED7FF /* AutocompleteView.swift */ = {isa = PBXFileReference; lastKnownFileType = sourcecode.swift; path = AutocompleteView.swift; sourceTree = "<group>"; };
		5D1080CE29B68D69005ED7FF /* Difficulty.swift */ = {isa = PBXFileReference; lastKnownFileType = sourcecode.swift; path = Difficulty.swift; sourceTree = "<group>"; };
		5D41529629BC0572008CD441 /* SingleplayerGame.swift */ = {isa = PBXFileReference; lastKnownFileType = sourcecode.swift; path = SingleplayerGame.swift; sourceTree = "<group>"; };
		5D41529829BC0D87008CD441 /* TimeLimit.swift */ = {isa = PBXFileReference; lastKnownFileType = sourcecode.swift; path = TimeLimit.swift; sourceTree = "<group>"; };
		5D41529D29BCFCA2008CD441 /* HighScore.swift */ = {isa = PBXFileReference; lastKnownFileType = sourcecode.swift; path = HighScore.swift; sourceTree = "<group>"; };
		5D41529F29BD04AE008CD441 /* LeaderboardView.swift */ = {isa = PBXFileReference; lastKnownFileType = sourcecode.swift; path = LeaderboardView.swift; sourceTree = "<group>"; };
		5D41530E29C0A7D1008CD441 /* GuessTheSFSymbolTests.xctest */ = {isa = PBXFileReference; explicitFileType = wrapper.cfbundle; includeInIndex = 0; path = GuessTheSFSymbolTests.xctest; sourceTree = BUILT_PRODUCTS_DIR; };
		5D41531029C0A7D1008CD441 /* GuessTheSFSymbolTests.swift */ = {isa = PBXFileReference; lastKnownFileType = sourcecode.swift; path = GuessTheSFSymbolTests.swift; sourceTree = "<group>"; };
		5D41531729C0A7F6008CD441 /* PlayerTests.swift */ = {isa = PBXFileReference; lastKnownFileType = sourcecode.swift; path = PlayerTests.swift; sourceTree = "<group>"; };
		5D41531A29C0AB61008CD441 /* SymbolsTests.swift */ = {isa = PBXFileReference; lastKnownFileType = sourcecode.swift; path = SymbolsTests.swift; sourceTree = "<group>"; };
		5D41531C29C0AF6F008CD441 /* DifficultyTests.swift */ = {isa = PBXFileReference; lastKnownFileType = sourcecode.swift; path = DifficultyTests.swift; sourceTree = "<group>"; };
		5D41531E29C0B2F7008CD441 /* TimeLimitTests.swift */ = {isa = PBXFileReference; lastKnownFileType = sourcecode.swift; path = TimeLimitTests.swift; sourceTree = "<group>"; };
		5D41532129C0B4E1008CD441 /* SingleplayerGameTests.swift */ = {isa = PBXFileReference; lastKnownFileType = sourcecode.swift; path = SingleplayerGameTests.swift; sourceTree = "<group>"; };
		5D41532329C0C176008CD441 /* MultiplayerGameTests.swift */ = {isa = PBXFileReference; lastKnownFileType = sourcecode.swift; path = MultiplayerGameTests.swift; sourceTree = "<group>"; };
		5D41532529C0DFC8008CD441 /* SingleplayerGame+Leaderboardable.swift */ = {isa = PBXFileReference; lastKnownFileType = sourcecode.swift; path = "SingleplayerGame+Leaderboardable.swift"; sourceTree = "<group>"; };
		5D8EA8E429A7B03300A4EDAC /* GuessTheSFSymbol.entitlements */ = {isa = PBXFileReference; lastKnownFileType = text.plist.entitlements; path = GuessTheSFSymbol.entitlements; sourceTree = "<group>"; };
		5D8EA8E529A7B4E400A4EDAC /* Info.plist */ = {isa = PBXFileReference; lastKnownFileType = text.plist; path = Info.plist; sourceTree = "<group>"; };
		5D8EA8E629A7EC2900A4EDAC /* SingleplayerView.swift */ = {isa = PBXFileReference; lastKnownFileType = sourcecode.swift; path = SingleplayerView.swift; sourceTree = "<group>"; };
		5D8EA8E829A7F10600A4EDAC /* SymbolToGuessView.swift */ = {isa = PBXFileReference; lastKnownFileType = sourcecode.swift; path = SymbolToGuessView.swift; sourceTree = "<group>"; };
		5DE7766C29A69BB70024B8E8 /* GuessTheSFSymbol.app */ = {isa = PBXFileReference; explicitFileType = wrapper.application; includeInIndex = 0; path = GuessTheSFSymbol.app; sourceTree = BUILT_PRODUCTS_DIR; };
		5DE7766F29A69BB70024B8E8 /* GuessTheSFSymbolApp.swift */ = {isa = PBXFileReference; lastKnownFileType = sourcecode.swift; path = GuessTheSFSymbolApp.swift; sourceTree = "<group>"; };
		5DE7767129A69BB70024B8E8 /* ContentView.swift */ = {isa = PBXFileReference; lastKnownFileType = sourcecode.swift; path = ContentView.swift; sourceTree = "<group>"; };
		5DE7767329A69BB80024B8E8 /* Assets.xcassets */ = {isa = PBXFileReference; lastKnownFileType = folder.assetcatalog; path = Assets.xcassets; sourceTree = "<group>"; };
		5DE7767629A69BB80024B8E8 /* Preview Assets.xcassets */ = {isa = PBXFileReference; lastKnownFileType = folder.assetcatalog; path = "Preview Assets.xcassets"; sourceTree = "<group>"; };
		5DE7767D29A69BE10024B8E8 /* MultiplayerView.swift */ = {isa = PBXFileReference; lastKnownFileType = sourcecode.swift; path = MultiplayerView.swift; sourceTree = "<group>"; };
		5DE7768029A69BFA0024B8E8 /* MultiplayerGame.swift */ = {isa = PBXFileReference; lastKnownFileType = sourcecode.swift; path = MultiplayerGame.swift; sourceTree = "<group>"; };
		5DE7768329A69C170024B8E8 /* MultiplayerGame+GKLocalPlayerListener.swift */ = {isa = PBXFileReference; lastKnownFileType = sourcecode.swift; path = "MultiplayerGame+GKLocalPlayerListener.swift"; sourceTree = "<group>"; };
		5DE7768529A69C230024B8E8 /* MultiplayerGame+GKMatchmakerViewControllerDelegate.swift */ = {isa = PBXFileReference; lastKnownFileType = sourcecode.swift; path = "MultiplayerGame+GKMatchmakerViewControllerDelegate.swift"; sourceTree = "<group>"; };
		5DE7768729A69C4E0024B8E8 /* Player.swift */ = {isa = PBXFileReference; lastKnownFileType = sourcecode.swift; path = Player.swift; sourceTree = "<group>"; };
		5DE7768A29A69C660024B8E8 /* Guess.swift */ = {isa = PBXFileReference; lastKnownFileType = sourcecode.swift; path = Guess.swift; sourceTree = "<group>"; };
		5DE7768C29A69C6F0024B8E8 /* Symbols.swift */ = {isa = PBXFileReference; lastKnownFileType = sourcecode.swift; path = Symbols.swift; sourceTree = "<group>"; };
		5DE7768E29A69C890024B8E8 /* SFSymbols.txt */ = {isa = PBXFileReference; lastKnownFileType = text; path = SFSymbols.txt; sourceTree = "<group>"; };
		5DE7769029A6B4440024B8E8 /* SimpleSymbols.txt */ = {isa = PBXFileReference; lastKnownFileType = text; path = SimpleSymbols.txt; sourceTree = "<group>"; };
/* End PBXFileReference section */

/* Begin PBXFrameworksBuildPhase section */
		5D41530B29C0A7D1008CD441 /* Frameworks */ = {
			isa = PBXFrameworksBuildPhase;
			buildActionMask = 2147483647;
			files = (
			);
			runOnlyForDeploymentPostprocessing = 0;
		};
		5DE7766929A69BB70024B8E8 /* Frameworks */ = {
			isa = PBXFrameworksBuildPhase;
			buildActionMask = 2147483647;
			files = (
			);
			runOnlyForDeploymentPostprocessing = 0;
		};
/* End PBXFrameworksBuildPhase section */

/* Begin PBXGroup section */
		5D41530F29C0A7D1008CD441 /* GuessTheSFSymbolTests */ = {
			isa = PBXGroup;
			children = (
				5D41531029C0A7D1008CD441 /* GuessTheSFSymbolTests.swift */,
				5D41532029C0B4CD008CD441 /* ViewModel */,
				5D41531929C0A7FC008CD441 /* Model */,
			);
			path = GuessTheSFSymbolTests;
			sourceTree = "<group>";
		};
		5D41531929C0A7FC008CD441 /* Model */ = {
			isa = PBXGroup;
			children = (
				5D41531729C0A7F6008CD441 /* PlayerTests.swift */,
				5D41531A29C0AB61008CD441 /* SymbolsTests.swift */,
				5D41531C29C0AF6F008CD441 /* DifficultyTests.swift */,
				5D41531E29C0B2F7008CD441 /* TimeLimitTests.swift */,
			);
			path = Model;
			sourceTree = "<group>";
		};
		5D41532029C0B4CD008CD441 /* ViewModel */ = {
			isa = PBXGroup;
			children = (
				5D41532129C0B4E1008CD441 /* SingleplayerGameTests.swift */,
				5D41532329C0C176008CD441 /* MultiplayerGameTests.swift */,
			);
			path = ViewModel;
			sourceTree = "<group>";
		};
		5DE7766329A69BB70024B8E8 = {
			isa = PBXGroup;
			children = (
				5DE7766E29A69BB70024B8E8 /* GuessTheSFSymbol */,
				5D41530F29C0A7D1008CD441 /* GuessTheSFSymbolTests */,
				5DE7766D29A69BB70024B8E8 /* Products */,
			);
			sourceTree = "<group>";
		};
		5DE7766D29A69BB70024B8E8 /* Products */ = {
			isa = PBXGroup;
			children = (
				5DE7766C29A69BB70024B8E8 /* GuessTheSFSymbol.app */,
				5D41530E29C0A7D1008CD441 /* GuessTheSFSymbolTests.xctest */,
			);
			name = Products;
			sourceTree = "<group>";
		};
		5DE7766E29A69BB70024B8E8 /* GuessTheSFSymbol */ = {
			isa = PBXGroup;
			children = (
				5D8EA8E529A7B4E400A4EDAC /* Info.plist */,
				5D8EA8E429A7B03300A4EDAC /* GuessTheSFSymbol.entitlements */,
				5DE7766F29A69BB70024B8E8 /* GuessTheSFSymbolApp.swift */,
				5DE7767F29A69BEC0024B8E8 /* View */,
				5DE7768229A69BFE0024B8E8 /* ViewModel */,
				5DE7768929A69C560024B8E8 /* Model */,
				5DE7767329A69BB80024B8E8 /* Assets.xcassets */,
				5DE7767529A69BB80024B8E8 /* Preview Content */,
			);
			path = GuessTheSFSymbol;
			sourceTree = "<group>";
		};
		5DE7767529A69BB80024B8E8 /* Preview Content */ = {
			isa = PBXGroup;
			children = (
				5DE7767629A69BB80024B8E8 /* Preview Assets.xcassets */,
			);
			path = "Preview Content";
			sourceTree = "<group>";
		};
		5DE7767F29A69BEC0024B8E8 /* View */ = {
			isa = PBXGroup;
			children = (
				5DE7767129A69BB70024B8E8 /* ContentView.swift */,
				5D8EA8E629A7EC2900A4EDAC /* SingleplayerView.swift */,
				5D41529F29BD04AE008CD441 /* LeaderboardView.swift */,
				5DE7767D29A69BE10024B8E8 /* MultiplayerView.swift */,
				5D8EA8E829A7F10600A4EDAC /* SymbolToGuessView.swift */,
				5D1080CC29B681C5005ED7FF /* AutocompleteView.swift */,
			);
			path = View;
			sourceTree = "<group>";
		};
		5DE7768229A69BFE0024B8E8 /* ViewModel */ = {
			isa = PBXGroup;
			children = (
				5D41529629BC0572008CD441 /* SingleplayerGame.swift */,
				5D41532529C0DFC8008CD441 /* SingleplayerGame+Leaderboardable.swift */,
				5DE7768029A69BFA0024B8E8 /* MultiplayerGame.swift */,
				5DE7768329A69C170024B8E8 /* MultiplayerGame+GKLocalPlayerListener.swift */,
				5DE7768529A69C230024B8E8 /* MultiplayerGame+GKMatchmakerViewControllerDelegate.swift */,
			);
			path = ViewModel;
			sourceTree = "<group>";
		};
		5DE7768929A69C560024B8E8 /* Model */ = {
			isa = PBXGroup;
			children = (
				5DE7768729A69C4E0024B8E8 /* Player.swift */,
				5DE7768A29A69C660024B8E8 /* Guess.swift */,
				5DE7768C29A69C6F0024B8E8 /* Symbols.swift */,
				5D1080CE29B68D69005ED7FF /* Difficulty.swift */,
				5D41529829BC0D87008CD441 /* TimeLimit.swift */,
				5D41529D29BCFCA2008CD441 /* HighScore.swift */,
				5DE7768E29A69C890024B8E8 /* SFSymbols.txt */,
				5DE7769029A6B4440024B8E8 /* SimpleSymbols.txt */,
				5D1080CA29B67F61005ED7FF /* SymbolComponents.txt */,
			);
			path = Model;
			sourceTree = "<group>";
		};
/* End PBXGroup section */

/* Begin PBXNativeTarget section */
		5D41530D29C0A7D1008CD441 /* GuessTheSFSymbolTests */ = {
			isa = PBXNativeTarget;
			buildConfigurationList = 5D41531429C0A7D1008CD441 /* Build configuration list for PBXNativeTarget "GuessTheSFSymbolTests" */;
			buildPhases = (
				5D41530A29C0A7D1008CD441 /* Sources */,
				5D41530B29C0A7D1008CD441 /* Frameworks */,
				5D41530C29C0A7D1008CD441 /* Resources */,
			);
			buildRules = (
			);
			dependencies = (
				5D41531329C0A7D1008CD441 /* PBXTargetDependency */,
			);
			name = GuessTheSFSymbolTests;
			productName = GuessTheSFSymbolTests;
			productReference = 5D41530E29C0A7D1008CD441 /* GuessTheSFSymbolTests.xctest */;
			productType = "com.apple.product-type.bundle.unit-test";
		};
		5DE7766B29A69BB70024B8E8 /* GuessTheSFSymbol */ = {
			isa = PBXNativeTarget;
			buildConfigurationList = 5DE7767A29A69BB80024B8E8 /* Build configuration list for PBXNativeTarget "GuessTheSFSymbol" */;
			buildPhases = (
				5DE7766829A69BB70024B8E8 /* Sources */,
				5DE7766929A69BB70024B8E8 /* Frameworks */,
				5DE7766A29A69BB70024B8E8 /* Resources */,
			);
			buildRules = (
			);
			dependencies = (
			);
			name = GuessTheSFSymbol;
			productName = GuessTheSFSymbol;
			productReference = 5DE7766C29A69BB70024B8E8 /* GuessTheSFSymbol.app */;
			productType = "com.apple.product-type.application";
		};
/* End PBXNativeTarget section */

/* Begin PBXProject section */
		5DE7766429A69BB70024B8E8 /* Project object */ = {
			isa = PBXProject;
			attributes = {
				BuildIndependentTargetsInParallel = 1;
				LastSwiftUpdateCheck = 1420;
				LastUpgradeCheck = 1420;
				TargetAttributes = {
					5D41530D29C0A7D1008CD441 = {
						CreatedOnToolsVersion = 14.2;
						TestTargetID = 5DE7766B29A69BB70024B8E8;
					};
					5DE7766B29A69BB70024B8E8 = {
						CreatedOnToolsVersion = 14.2;
					};
				};
			};
			buildConfigurationList = 5DE7766729A69BB70024B8E8 /* Build configuration list for PBXProject "GuessTheSFSymbol" */;
			compatibilityVersion = "Xcode 14.0";
			developmentRegion = en;
			hasScannedForEncodings = 0;
			knownRegions = (
				en,
				Base,
			);
			mainGroup = 5DE7766329A69BB70024B8E8;
			productRefGroup = 5DE7766D29A69BB70024B8E8 /* Products */;
			projectDirPath = "";
			projectRoot = "";
			targets = (
				5DE7766B29A69BB70024B8E8 /* GuessTheSFSymbol */,
				5D41530D29C0A7D1008CD441 /* GuessTheSFSymbolTests */,
			);
		};
/* End PBXProject section */

/* Begin PBXResourcesBuildPhase section */
		5D41530C29C0A7D1008CD441 /* Resources */ = {
			isa = PBXResourcesBuildPhase;
			buildActionMask = 2147483647;
			files = (
			);
			runOnlyForDeploymentPostprocessing = 0;
		};
		5DE7766A29A69BB70024B8E8 /* Resources */ = {
			isa = PBXResourcesBuildPhase;
			buildActionMask = 2147483647;
			files = (
				5DE7767729A69BB80024B8E8 /* Preview Assets.xcassets in Resources */,
				5D1080CB29B67F61005ED7FF /* SymbolComponents.txt in Resources */,
				5DE7768F29A69C890024B8E8 /* SFSymbols.txt in Resources */,
				5DE7769129A6B4440024B8E8 /* SimpleSymbols.txt in Resources */,
				5DE7767429A69BB80024B8E8 /* Assets.xcassets in Resources */,
			);
			runOnlyForDeploymentPostprocessing = 0;
		};
/* End PBXResourcesBuildPhase section */

/* Begin PBXSourcesBuildPhase section */
		5D41530A29C0A7D1008CD441 /* Sources */ = {
			isa = PBXSourcesBuildPhase;
			buildActionMask = 2147483647;
			files = (
				5D41532229C0B4E1008CD441 /* SingleplayerGameTests.swift in Sources */,
				5D41532429C0C176008CD441 /* MultiplayerGameTests.swift in Sources */,
				5D41531F29C0B2F7008CD441 /* TimeLimitTests.swift in Sources */,
				5D41531829C0A7F6008CD441 /* PlayerTests.swift in Sources */,
				5D41531129C0A7D1008CD441 /* GuessTheSFSymbolTests.swift in Sources */,
				5D41531D29C0AF6F008CD441 /* DifficultyTests.swift in Sources */,
				5D41531B29C0AB61008CD441 /* SymbolsTests.swift in Sources */,
			);
			runOnlyForDeploymentPostprocessing = 0;
		};
		5DE7766829A69BB70024B8E8 /* Sources */ = {
			isa = PBXSourcesBuildPhase;
			buildActionMask = 2147483647;
			files = (
				5DE7768D29A69C6F0024B8E8 /* Symbols.swift in Sources */,
				5DE7768629A69C230024B8E8 /* MultiplayerGame+GKMatchmakerViewControllerDelegate.swift in Sources */,
				5D8EA8E929A7F10600A4EDAC /* SymbolToGuessView.swift in Sources */,
				5DE7767E29A69BE10024B8E8 /* MultiplayerView.swift in Sources */,
				5DE7767229A69BB70024B8E8 /* ContentView.swift in Sources */,
				5DE7767029A69BB70024B8E8 /* GuessTheSFSymbolApp.swift in Sources */,
				5D41529E29BCFCA2008CD441 /* HighScore.swift in Sources */,
				5DE7768829A69C4E0024B8E8 /* Player.swift in Sources */,
				5D41532629C0DFC8008CD441 /* SingleplayerGame+Leaderboardable.swift in Sources */,
				5D4152A029BD04AE008CD441 /* LeaderboardView.swift in Sources */,
				5DE7768B29A69C660024B8E8 /* Guess.swift in Sources */,
				5D8EA8E729A7EC2900A4EDAC /* SingleplayerView.swift in Sources */,
				5D41529929BC0D87008CD441 /* TimeLimit.swift in Sources */,
				5DE7768429A69C170024B8E8 /* MultiplayerGame+GKLocalPlayerListener.swift in Sources */,
				5D1080CD29B681C5005ED7FF /* AutocompleteView.swift in Sources */,
				5DE7768129A69BFA0024B8E8 /* MultiplayerGame.swift in Sources */,
				5D41529729BC0572008CD441 /* SingleplayerGame.swift in Sources */,
				5D1080CF29B68D69005ED7FF /* Difficulty.swift in Sources */,
			);
			runOnlyForDeploymentPostprocessing = 0;
		};
/* End PBXSourcesBuildPhase section */

/* Begin PBXTargetDependency section */
		5D41531329C0A7D1008CD441 /* PBXTargetDependency */ = {
			isa = PBXTargetDependency;
			target = 5DE7766B29A69BB70024B8E8 /* GuessTheSFSymbol */;
			targetProxy = 5D41531229C0A7D1008CD441 /* PBXContainerItemProxy */;
		};
/* End PBXTargetDependency section */

/* Begin XCBuildConfiguration section */
		5D41531529C0A7D1008CD441 /* Debug */ = {
			isa = XCBuildConfiguration;
			buildSettings = {
				BUNDLE_LOADER = "$(TEST_HOST)";
				CODE_SIGN_STYLE = Automatic;
				CURRENT_PROJECT_VERSION = 1;
				DEVELOPMENT_TEAM = 94AXJS8DQZ;
				GENERATE_INFOPLIST_FILE = YES;
				MARKETING_VERSION = 1.0;
				PRODUCT_BUNDLE_IDENTIFIER = com.zcutlerf.GuessTheSFSymbolTests;
				PRODUCT_NAME = "$(TARGET_NAME)";
				SWIFT_EMIT_LOC_STRINGS = NO;
				SWIFT_VERSION = 5.0;
				TARGETED_DEVICE_FAMILY = "1,2";
				TEST_HOST = "$(BUILT_PRODUCTS_DIR)/GuessTheSFSymbol.app/$(BUNDLE_EXECUTABLE_FOLDER_PATH)/GuessTheSFSymbol";
			};
			name = Debug;
		};
		5D41531629C0A7D1008CD441 /* Release */ = {
			isa = XCBuildConfiguration;
			buildSettings = {
				BUNDLE_LOADER = "$(TEST_HOST)";
				CODE_SIGN_STYLE = Automatic;
				CURRENT_PROJECT_VERSION = 1;
				DEVELOPMENT_TEAM = 94AXJS8DQZ;
				GENERATE_INFOPLIST_FILE = YES;
				MARKETING_VERSION = 1.0;
				PRODUCT_BUNDLE_IDENTIFIER = com.zcutlerf.GuessTheSFSymbolTests;
				PRODUCT_NAME = "$(TARGET_NAME)";
				SWIFT_EMIT_LOC_STRINGS = NO;
				SWIFT_VERSION = 5.0;
				TARGETED_DEVICE_FAMILY = "1,2";
				TEST_HOST = "$(BUILT_PRODUCTS_DIR)/GuessTheSFSymbol.app/$(BUNDLE_EXECUTABLE_FOLDER_PATH)/GuessTheSFSymbol";
			};
			name = Release;
		};
		5DE7767829A69BB80024B8E8 /* Debug */ = {
			isa = XCBuildConfiguration;
			buildSettings = {
				ALWAYS_SEARCH_USER_PATHS = NO;
				CLANG_ANALYZER_NONNULL = YES;
				CLANG_ANALYZER_NUMBER_OBJECT_CONVERSION = YES_AGGRESSIVE;
				CLANG_CXX_LANGUAGE_STANDARD = "gnu++20";
				CLANG_ENABLE_MODULES = YES;
				CLANG_ENABLE_OBJC_ARC = YES;
				CLANG_ENABLE_OBJC_WEAK = YES;
				CLANG_WARN_BLOCK_CAPTURE_AUTORELEASING = YES;
				CLANG_WARN_BOOL_CONVERSION = YES;
				CLANG_WARN_COMMA = YES;
				CLANG_WARN_CONSTANT_CONVERSION = YES;
				CLANG_WARN_DEPRECATED_OBJC_IMPLEMENTATIONS = YES;
				CLANG_WARN_DIRECT_OBJC_ISA_USAGE = YES_ERROR;
				CLANG_WARN_DOCUMENTATION_COMMENTS = YES;
				CLANG_WARN_EMPTY_BODY = YES;
				CLANG_WARN_ENUM_CONVERSION = YES;
				CLANG_WARN_INFINITE_RECURSION = YES;
				CLANG_WARN_INT_CONVERSION = YES;
				CLANG_WARN_NON_LITERAL_NULL_CONVERSION = YES;
				CLANG_WARN_OBJC_IMPLICIT_RETAIN_SELF = YES;
				CLANG_WARN_OBJC_LITERAL_CONVERSION = YES;
				CLANG_WARN_OBJC_ROOT_CLASS = YES_ERROR;
				CLANG_WARN_QUOTED_INCLUDE_IN_FRAMEWORK_HEADER = YES;
				CLANG_WARN_RANGE_LOOP_ANALYSIS = YES;
				CLANG_WARN_STRICT_PROTOTYPES = YES;
				CLANG_WARN_SUSPICIOUS_MOVE = YES;
				CLANG_WARN_UNGUARDED_AVAILABILITY = YES_AGGRESSIVE;
				CLANG_WARN_UNREACHABLE_CODE = YES;
				CLANG_WARN__DUPLICATE_METHOD_MATCH = YES;
				COPY_PHASE_STRIP = NO;
				DEBUG_INFORMATION_FORMAT = dwarf;
				ENABLE_STRICT_OBJC_MSGSEND = YES;
				ENABLE_TESTABILITY = YES;
				GCC_C_LANGUAGE_STANDARD = gnu11;
				GCC_DYNAMIC_NO_PIC = NO;
				GCC_NO_COMMON_BLOCKS = YES;
				GCC_OPTIMIZATION_LEVEL = 0;
				GCC_PREPROCESSOR_DEFINITIONS = (
					"DEBUG=1",
					"$(inherited)",
				);
				GCC_WARN_64_TO_32_BIT_CONVERSION = YES;
				GCC_WARN_ABOUT_RETURN_TYPE = YES_ERROR;
				GCC_WARN_UNDECLARED_SELECTOR = YES;
				GCC_WARN_UNINITIALIZED_AUTOS = YES_AGGRESSIVE;
				GCC_WARN_UNUSED_FUNCTION = YES;
				GCC_WARN_UNUSED_VARIABLE = YES;
				IPHONEOS_DEPLOYMENT_TARGET = 16.2;
				MTL_ENABLE_DEBUG_INFO = INCLUDE_SOURCE;
				MTL_FAST_MATH = YES;
				ONLY_ACTIVE_ARCH = YES;
				SDKROOT = iphoneos;
				SWIFT_ACTIVE_COMPILATION_CONDITIONS = DEBUG;
				SWIFT_OPTIMIZATION_LEVEL = "-Onone";
			};
			name = Debug;
		};
		5DE7767929A69BB80024B8E8 /* Release */ = {
			isa = XCBuildConfiguration;
			buildSettings = {
				ALWAYS_SEARCH_USER_PATHS = NO;
				CLANG_ANALYZER_NONNULL = YES;
				CLANG_ANALYZER_NUMBER_OBJECT_CONVERSION = YES_AGGRESSIVE;
				CLANG_CXX_LANGUAGE_STANDARD = "gnu++20";
				CLANG_ENABLE_MODULES = YES;
				CLANG_ENABLE_OBJC_ARC = YES;
				CLANG_ENABLE_OBJC_WEAK = YES;
				CLANG_WARN_BLOCK_CAPTURE_AUTORELEASING = YES;
				CLANG_WARN_BOOL_CONVERSION = YES;
				CLANG_WARN_COMMA = YES;
				CLANG_WARN_CONSTANT_CONVERSION = YES;
				CLANG_WARN_DEPRECATED_OBJC_IMPLEMENTATIONS = YES;
				CLANG_WARN_DIRECT_OBJC_ISA_USAGE = YES_ERROR;
				CLANG_WARN_DOCUMENTATION_COMMENTS = YES;
				CLANG_WARN_EMPTY_BODY = YES;
				CLANG_WARN_ENUM_CONVERSION = YES;
				CLANG_WARN_INFINITE_RECURSION = YES;
				CLANG_WARN_INT_CONVERSION = YES;
				CLANG_WARN_NON_LITERAL_NULL_CONVERSION = YES;
				CLANG_WARN_OBJC_IMPLICIT_RETAIN_SELF = YES;
				CLANG_WARN_OBJC_LITERAL_CONVERSION = YES;
				CLANG_WARN_OBJC_ROOT_CLASS = YES_ERROR;
				CLANG_WARN_QUOTED_INCLUDE_IN_FRAMEWORK_HEADER = YES;
				CLANG_WARN_RANGE_LOOP_ANALYSIS = YES;
				CLANG_WARN_STRICT_PROTOTYPES = YES;
				CLANG_WARN_SUSPICIOUS_MOVE = YES;
				CLANG_WARN_UNGUARDED_AVAILABILITY = YES_AGGRESSIVE;
				CLANG_WARN_UNREACHABLE_CODE = YES;
				CLANG_WARN__DUPLICATE_METHOD_MATCH = YES;
				COPY_PHASE_STRIP = NO;
				DEBUG_INFORMATION_FORMAT = "dwarf-with-dsym";
				ENABLE_NS_ASSERTIONS = NO;
				ENABLE_STRICT_OBJC_MSGSEND = YES;
				GCC_C_LANGUAGE_STANDARD = gnu11;
				GCC_NO_COMMON_BLOCKS = YES;
				GCC_WARN_64_TO_32_BIT_CONVERSION = YES;
				GCC_WARN_ABOUT_RETURN_TYPE = YES_ERROR;
				GCC_WARN_UNDECLARED_SELECTOR = YES;
				GCC_WARN_UNINITIALIZED_AUTOS = YES_AGGRESSIVE;
				GCC_WARN_UNUSED_FUNCTION = YES;
				GCC_WARN_UNUSED_VARIABLE = YES;
				IPHONEOS_DEPLOYMENT_TARGET = 16.2;
				MTL_ENABLE_DEBUG_INFO = NO;
				MTL_FAST_MATH = YES;
				SDKROOT = iphoneos;
				SWIFT_COMPILATION_MODE = wholemodule;
				SWIFT_OPTIMIZATION_LEVEL = "-O";
				VALIDATE_PRODUCT = YES;
			};
			name = Release;
		};
		5DE7767B29A69BB80024B8E8 /* Debug */ = {
			isa = XCBuildConfiguration;
			buildSettings = {
				ASSETCATALOG_COMPILER_APPICON_NAME = AppIcon;
				ASSETCATALOG_COMPILER_GLOBAL_ACCENT_COLOR_NAME = AccentColor;
				CODE_SIGN_ENTITLEMENTS = GuessTheSFSymbol/GuessTheSFSymbol.entitlements;
				CODE_SIGN_STYLE = Automatic;
				CURRENT_PROJECT_VERSION = 2;
				DEVELOPMENT_ASSET_PATHS = "\"GuessTheSFSymbol/Preview Content\"";
				DEVELOPMENT_TEAM = 94AXJS8DQZ;
				ENABLE_PREVIEWS = YES;
				GENERATE_INFOPLIST_FILE = YES;
				INFOPLIST_FILE = GuessTheSFSymbol/Info.plist;
				INFOPLIST_KEY_CFBundleDisplayName = SFGuess;
				INFOPLIST_KEY_UIApplicationSupportsIndirectInputEvents = YES;
				INFOPLIST_KEY_UILaunchScreen_Generation = YES;
				INFOPLIST_KEY_UISupportedInterfaceOrientations_iPad = "UIInterfaceOrientationPortrait UIInterfaceOrientationPortraitUpsideDown UIInterfaceOrientationLandscapeLeft UIInterfaceOrientationLandscapeRight";
				INFOPLIST_KEY_UISupportedInterfaceOrientations_iPhone = "UIInterfaceOrientationPortrait UIInterfaceOrientationLandscapeLeft UIInterfaceOrientationLandscapeRight";
				IPHONEOS_DEPLOYMENT_TARGET = 15.0;
				LD_RUNPATH_SEARCH_PATHS = (
					"$(inherited)",
					"@executable_path/Frameworks",
				);
				MARKETING_VERSION = 0.1;
				PRODUCT_BUNDLE_IDENTIFIER = com.zcutlerf.SFGuess;
				PRODUCT_NAME = "$(TARGET_NAME)";
				SUPPORTED_PLATFORMS = "iphoneos iphonesimulator";
				SUPPORTS_MACCATALYST = NO;
				SUPPORTS_MAC_DESIGNED_FOR_IPHONE_IPAD = NO;
				SWIFT_EMIT_LOC_STRINGS = YES;
				SWIFT_VERSION = 5.0;
				TARGETED_DEVICE_FAMILY = 1;
			};
			name = Debug;
		};
		5DE7767C29A69BB80024B8E8 /* Release */ = {
			isa = XCBuildConfiguration;
			buildSettings = {
				ASSETCATALOG_COMPILER_APPICON_NAME = AppIcon;
				ASSETCATALOG_COMPILER_GLOBAL_ACCENT_COLOR_NAME = AccentColor;
				CODE_SIGN_ENTITLEMENTS = GuessTheSFSymbol/GuessTheSFSymbol.entitlements;
				CODE_SIGN_STYLE = Automatic;
				CURRENT_PROJECT_VERSION = 2;
				DEVELOPMENT_ASSET_PATHS = "\"GuessTheSFSymbol/Preview Content\"";
				DEVELOPMENT_TEAM = 94AXJS8DQZ;
				ENABLE_PREVIEWS = YES;
				GENERATE_INFOPLIST_FILE = YES;
				INFOPLIST_FILE = GuessTheSFSymbol/Info.plist;
				INFOPLIST_KEY_CFBundleDisplayName = SFGuess;
				INFOPLIST_KEY_UIApplicationSupportsIndirectInputEvents = YES;
				INFOPLIST_KEY_UILaunchScreen_Generation = YES;
				INFOPLIST_KEY_UISupportedInterfaceOrientations_iPad = "UIInterfaceOrientationPortrait UIInterfaceOrientationPortraitUpsideDown UIInterfaceOrientationLandscapeLeft UIInterfaceOrientationLandscapeRight";
				INFOPLIST_KEY_UISupportedInterfaceOrientations_iPhone = "UIInterfaceOrientationPortrait UIInterfaceOrientationLandscapeLeft UIInterfaceOrientationLandscapeRight";
				IPHONEOS_DEPLOYMENT_TARGET = 15.0;
				LD_RUNPATH_SEARCH_PATHS = (
					"$(inherited)",
					"@executable_path/Frameworks",
				);
				MARKETING_VERSION = 0.1;
				PRODUCT_BUNDLE_IDENTIFIER = com.zcutlerf.SFGuess;
				PRODUCT_NAME = "$(TARGET_NAME)";
				SUPPORTED_PLATFORMS = "iphoneos iphonesimulator";
				SUPPORTS_MACCATALYST = NO;
				SUPPORTS_MAC_DESIGNED_FOR_IPHONE_IPAD = NO;
				SWIFT_EMIT_LOC_STRINGS = YES;
				SWIFT_VERSION = 5.0;
				TARGETED_DEVICE_FAMILY = 1;
			};
			name = Release;
		};
/* End XCBuildConfiguration section */

/* Begin XCConfigurationList section */
		5D41531429C0A7D1008CD441 /* Build configuration list for PBXNativeTarget "GuessTheSFSymbolTests" */ = {
			isa = XCConfigurationList;
			buildConfigurations = (
				5D41531529C0A7D1008CD441 /* Debug */,
				5D41531629C0A7D1008CD441 /* Release */,
			);
			defaultConfigurationIsVisible = 0;
			defaultConfigurationName = Release;
		};
		5DE7766729A69BB70024B8E8 /* Build configuration list for PBXProject "GuessTheSFSymbol" */ = {
			isa = XCConfigurationList;
			buildConfigurations = (
				5DE7767829A69BB80024B8E8 /* Debug */,
				5DE7767929A69BB80024B8E8 /* Release */,
			);
			defaultConfigurationIsVisible = 0;
			defaultConfigurationName = Release;
		};
		5DE7767A29A69BB80024B8E8 /* Build configuration list for PBXNativeTarget "GuessTheSFSymbol" */ = {
			isa = XCConfigurationList;
			buildConfigurations = (
				5DE7767B29A69BB80024B8E8 /* Debug */,
				5DE7767C29A69BB80024B8E8 /* Release */,
			);
			defaultConfigurationIsVisible = 0;
			defaultConfigurationName = Release;
		};
/* End XCConfigurationList section */
	};
	rootObject = 5DE7766429A69BB70024B8E8 /* Project object */;
}
